
Microsoft Visual Studio Solution File, Format Version 12.00
# Visual Studio Version 17
VisualStudioVersion = 17.13.35617.110 d17.13
MinimumVisualStudioVersion = 10.0.40219.1
Project("{FAE04EC0-301F-11D3-BF4B-00C04F79EFBC}") = "CorePortfolio.WebUI", "CorePortfolio.WebUI\CorePortfolio.WebUI.csproj", "{A04431AD-18B7-4FC2-A9C9-9A8121280FB8}"
EndProject
Project("{FAE04EC0-301F-11D3-BF4B-00C04F79EFBC}") = "CorePortfolio.Entities", "CorePortfolio.Entities\CorePortfolio.Entities.csproj", "{2ADE544E-A465-4F3C-B81E-6D734266FD19}"
EndProject
Project("{FAE04EC0-301F-11D3-BF4B-00C04F79EFBC}") = "CorePortfolio.DataAccess", "CorePortfolio.DataAccess\CorePortfolio.DataAccess.csproj", "{C64D7461-2384-4718-8CF3-0F55389B57F3}"
EndProject
Global
	GlobalSection(SolutionConfigurationPlatforms) = preSolution
		Debug|Any CPU = Debug|Any CPU
		Release|Any CPU = Release|Any CPU
	EndGlobalSection
	GlobalSection(ProjectConfigurationPlatforms) = postSolution
		{A04431AD-18B7-4FC2-A9C9-9A8121280FB8}.Debug|Any CPU.ActiveCfg = Debug|Any CPU
		{A04431AD-18B7-4FC2-A9C9-9A8121280FB8}.Debug|Any CPU.Build.0 = Debug|Any CPU
		{A04431AD-18B7-4FC2-A9C9-9A8121280FB8}.Release|Any CPU.ActiveCfg = Release|Any CPU
		{A04431AD-18B7-4FC2-A9C9-9A8121280FB8}.Release|Any CPU.Build.0 = Release|Any CPU
		{2ADE544E-A465-4F3C-B81E-6D734266FD19}.Debug|Any CPU.ActiveCfg = Debug|Any CPU
		{2ADE544E-A465-4F3C-B81E-6D734266FD19}.Debug|Any CPU.Build.0 = Debug|Any CPU
		{2ADE544E-A465-4F3C-B81E-6D734266FD19}.Release|Any CPU.ActiveCfg = Release|Any CPU
		{2ADE544E-A465-4F3C-B81E-6D734266FD19}.Release|Any CPU.Build.0 = Release|Any CPU
		{C64D7461-2384-4718-8CF3-0F55389B57F3}.Debug|Any CPU.ActiveCfg = Debug|Any CPU
		{C64D7461-2384-4718-8CF3-0F55389B57F3}.Debug|Any CPU.Build.0 = Debug|Any CPU
		{C64D7461-2384-4718-8CF3-0F55389B57F3}.Release|Any CPU.ActiveCfg = Release|Any CPU
		{C64D7461-2384-4718-8CF3-0F55389B57F3}.Release|Any CPU.Build.0 = Release|Any CPU
	EndGlobalSection
	GlobalSection(SolutionProperties) = preSolution
		HideSolutionNode = FALSE
	EndGlobalSection
	GlobalSection(ExtensibilityGlobals) = postSolution
		SolutionGuid = {34338710-1726-499D-BF94-4262681E4DF8}
	EndGlobalSection
EndGlobal
